
Microsoft Visual Studio Solution File, Format Version 12.00
# Visual Studio 14
VisualStudioVersion = 14.0.25420.1
MinimumVisualStudioVersion = 10.0.40219.1
Project("{FAE04EC0-301F-11D3-BF4B-00C04F79EFBC}") = "Hungry", "Hungry\Hungry.csproj", "{A30379C3-D27F-45FD-BC57-01C8E0F95A5F}"
EndProject
Global
	GlobalSection(SolutionConfigurationPlatforms) = preSolution
		Debug|Any CPU = Debug|Any CPU
		Release|Any CPU = Release|Any CPU
	EndGlobalSection
	GlobalSection(ProjectConfigurationPlatforms) = postSolution
		{A30379C3-D27F-45FD-BC57-01C8E0F95A5F}.Debug|Any CPU.ActiveCfg = Debug|Any CPU
		{A30379C3-D27F-45FD-BC57-01C8E0F95A5F}.Debug|Any CPU.Build.0 = Debug|Any CPU
		{A30379C3-D27F-45FD-BC57-01C8E0F95A5F}.Release|Any CPU.ActiveCfg = Release|Any CPU
		{A30379C3-D27F-45FD-BC57-01C8E0F95A5F}.Release|Any CPU.Build.0 = Release|Any CPU
	EndGlobalSection
	GlobalSection(SolutionProperties) = preSolution
		HideSolutionNode = FALSE
	EndGlobalSection
EndGlobal
