
Microsoft Visual Studio Solution File, Format Version 12.00
# Visual Studio 14
VisualStudioVersion = 14.0.25420.1
MinimumVisualStudioVersion = 10.0.40219.1
Project("{FAE04EC0-301F-11D3-BF4B-00C04F79EFBC}") = "1DayProfit", "1DayProfit\1DayProfit.csproj", "{F2C35D6F-C303-4095-9899-355FB163388E}"
EndProject
Project("{FAE04EC0-301F-11D3-BF4B-00C04F79EFBC}") = "3HotelRoom", "3HotelRoom\3HotelRoom.csproj", "{02F3BF7F-69DA-4334-8F71-6C7C213922C1}"
EndProject
Project("{FAE04EC0-301F-11D3-BF4B-00C04F79EFBC}") = "4Hospital", "4Hospital\4Hospital.csproj", "{059F3DFF-DC0F-4FEA-939C-EA34B9234300}"
EndProject
Project("{FAE04EC0-301F-11D3-BF4B-00C04F79EFBC}") = "2Firm", "2Firm\2Firm.csproj", "{D2838852-C373-49E6-AA92-8E33EA879059}"
EndProject
Project("{FAE04EC0-301F-11D3-BF4B-00C04F79EFBC}") = "2Harvest", "Harvest\2Harvest.csproj", "{18C25FAE-A80B-4F58-9D46-E7560BD1FFC3}"
EndProject
Project("{FAE04EC0-301F-11D3-BF4B-00C04F79EFBC}") = "1Money", "1Money\1Money.csproj", "{BF7CEDFD-D7E5-41AE-9B95-F4F8F6B3E4C4}"
EndProject
Project("{FAE04EC0-301F-11D3-BF4B-00C04F79EFBC}") = "3MatchTickets", "3MatchTickets\3MatchTickets.csproj", "{16EA67B2-CD7E-470A-B993-4B5C5E178864}"
EndProject
Project("{FAE04EC0-301F-11D3-BF4B-00C04F79EFBC}") = "4BackToThePast", "4BackToThePast\4BackToThePast.csproj", "{EF756AFE-053B-4FF3-AF68-97F92F2FA9DA}"
EndProject
Project("{FAE04EC0-301F-11D3-BF4B-00C04F79EFBC}") = "1Distance", "1Distance\1Distance.csproj", "{16A86838-050F-4BD4-9DE4-DF7CC8457A6B}"
EndProject
Project("{FAE04EC0-301F-11D3-BF4B-00C04F79EFBC}") = "2ChangeTiles", "2ChangeTiles\2ChangeTiles.csproj", "{5F0BAF3E-CA48-47C7-BF52-B326A18EB2AC}"
EndProject
Project("{FAE04EC0-301F-11D3-BF4B-00C04F79EFBC}") = "3Flowers", "3Flowers\3Flowers.csproj", "{06127B44-D907-4D04-904D-C21211C2AF17}"
EndProject
Project("{FAE04EC0-301F-11D3-BF4B-00C04F79EFBC}") = "4Grades", "4Grades\4Grades.csproj", "{E9611411-A859-434F-969E-87E637ECB643}"
EndProject
Project("{FAE04EC0-301F-11D3-BF4B-00C04F79EFBC}") = "1HousePrice", "1HousePric\1HousePrice.csproj", "{E0EC4D8F-60AE-4120-A66A-61F1CF90984B}"
EndProject
Project("{FAE04EC0-301F-11D3-BF4B-00C04F79EFBC}") = "2FlowerShop", "2FlowerShop\2FlowerShop.csproj", "{0ADD2F87-708F-46A1-83AD-1B3531221DA8}"
EndProject
Project("{FAE04EC0-301F-11D3-BF4B-00C04F79EFBC}") = "3BikeRace", "3BikeRace\3BikeRace.csproj", "{BA9EFE6E-3E5D-428D-90C6-77A7DFD8F747}"
EndProject
Project("{FAE04EC0-301F-11D3-BF4B-00C04F79EFBC}") = "4Logistics", "4Logistics\4Logistics.csproj", "{EC433C04-5B6D-429A-976B-47E4E7429EEF}"
EndProject
Project("{FAE04EC0-301F-11D3-BF4B-00C04F79EFBC}") = "1Fishland", "1Fishland\1Fishland.csproj", "{BC3ED3C3-3D3C-497B-A333-A9A2A9712864}"
EndProject
Project("{FAE04EC0-301F-11D3-BF4B-00C04F79EFBC}") = "2Pets", "2Pets\2Pets.csproj", "{61D370A1-FCF8-4708-A2E5-C9467842E678}"
EndProject
Project("{FAE04EC0-301F-11D3-BF4B-00C04F79EFBC}") = "3Vacation", "3Vacation\3Vacation.csproj", "{FA7BE9CA-5FD6-42A8-8FD9-1E79AB0AEED6}"
EndProject
Project("{FAE04EC0-301F-11D3-BF4B-00C04F79EFBC}") = "4SoftUniCamp", "4SoftUniCamp\4SoftUniCamp.csproj", "{F17B14F4-7F31-4A31-9C0B-B619A78EBDC2}"
EndProject
Project("{FAE04EC0-301F-11D3-BF4B-00C04F79EFBC}") = "1TilesRepair", "1TilesRepair\1TilesRepair.csproj", "{3820E0F7-41BC-4707-888D-50FD68B34288}"
EndProject
Project("{FAE04EC0-301F-11D3-BF4B-00C04F79EFBC}") = "2SleepyCatTom", "2SleepyCatTom\2SleepyCatTom.csproj", "{A78EE9E7-C6DE-483D-BCED-DD789EB41100}"
EndProject
Project("{FAE04EC0-301F-11D3-BF4B-00C04F79EFBC}") = "3OperationsBetweenNumbers", "3OperationsBetweenNumbers\3OperationsBetweenNumbers.csproj", "{82C9F482-8772-4AE6-9AF2-B692AB0B5A34}"
EndProject
Project("{FAE04EC0-301F-11D3-BF4B-00C04F79EFBC}") = "4SmartLilly", "4SmartLilly\4SmartLilly.csproj", "{02DD89C6-2C8C-41C4-B0CA-555176E85A3F}"
EndProject
Project("{FAE04EC0-301F-11D3-BF4B-00C04F79EFBC}") = "1VegetableMarket", "1VegetableMarket\1VegetableMarket.csproj", "{14EF948C-56B7-4CAF-BA71-0830098663EE}"
EndProject
Project("{FAE04EC0-301F-11D3-BF4B-00C04F79EFBC}") = "2PoolPipes", "2PoolPipes\2PoolPipes.csproj", "{6F0A166A-D4DC-4A74-BB7C-36174BC06374}"
EndProject
Project("{FAE04EC0-301F-11D3-BF4B-00C04F79EFBC}") = "3Trip", "3Trip\3Trip.csproj", "{4B7C46C6-2BBC-4787-8D34-2AAB0A383D70}"
EndProject
Project("{FAE04EC0-301F-11D3-BF4B-00C04F79EFBC}") = "4Division", "4Division\4Division.csproj", "{F3160F15-BFDC-4D9A-91E2-12F5CCC87E5D}"
EndProject
Project("{FAE04EC0-301F-11D3-BF4B-00C04F79EFBC}") = "1TrainingLab", "1TrainingLab\1TrainingLab.csproj", "{42A678E5-F59A-44F0-83BE-E970852661B0}"
EndProject
Project("{FAE04EC0-301F-11D3-BF4B-00C04F79EFBC}") = "2TransportPrice", "2TransportPrice\2TransportPrice.csproj", "{9E8A2280-7576-45E0-8745-68200060E262}"
EndProject
Project("{FAE04EC0-301F-11D3-BF4B-00C04F79EFBC}") = "3OnTimeForTheExam", "3OnTimeForTheExam\3OnTimeForTheExam.csproj", "{0231E73D-49B3-4C7D-9A19-D842352A73F8}"
EndProject
Project("{FAE04EC0-301F-11D3-BF4B-00C04F79EFBC}") = "4Histogram", "4Histogram\4Histogram.csproj", "{B170D8C2-6744-4E3D-AE5E-1727A23EB03C}"
EndProject
Project("{FAE04EC0-301F-11D3-BF4B-00C04F79EFBC}") = "5DrawFort", "5DrawFort\5DrawFort.csproj", "{EAF1399A-9DD1-46AA-A83E-F8455C7B6F34}"
EndProject
Project("{FAE04EC0-301F-11D3-BF4B-00C04F79EFBC}") = "6WordCombinations", "6WordCombinations\6WordCombinations.csproj", "{D9DB1305-90BB-408E-A4CC-1038E34DADCB}"
EndProject
Project("{FAE04EC0-301F-11D3-BF4B-00C04F79EFBC}") = "5ChristmasHat", "5ChristmasHat\5ChristmasHat.csproj", "{3E62D5DC-000E-427F-B065-7A6D95585AD9}"
EndProject
Project("{FAE04EC0-301F-11D3-BF4B-00C04F79EFBC}") = "6MaxCombination", "6MaxCombination\6MaxCombination.csproj", "{602AE64B-7897-447A-BEE3-6AC98384E41F}"
EndProject
Project("{FAE04EC0-301F-11D3-BF4B-00C04F79EFBC}") = "6StupidPasswordGenerator", "6StupidPasswordGenerator\6StupidPasswordGenerator.csproj", "{28EBDB82-2338-4CA5-99F1-4AE52A03BA0F}"
EndProject
Project("{FAE04EC0-301F-11D3-BF4B-00C04F79EFBC}") = "6Battle", "6Battle\6Battle.csproj", "{90647D34-20D6-4AEB-A02F-96988036E635}"
EndProject
Project("{FAE04EC0-301F-11D3-BF4B-00C04F79EFBC}") = "1TorrentPirate", "1TorrentPirate\1TorrentPirate.csproj", "{FC282F97-2A87-43EB-9A7C-4350879CEA91}"
EndProject
Project("{FAE04EC0-301F-11D3-BF4B-00C04F79EFBC}") = "1BaiIvanAdventures", "1BaiIvanAdventures\1BaiIvanAdventures.csproj", "{ABEC3D28-38B4-404B-A920-CE9AE1E56D07}"
EndProject
Project("{FAE04EC0-301F-11D3-BF4B-00C04F79EFBC}") = "1CakeTycoon", "1CakeTycoon\1CakeTycoon.csproj", "{7D63E15D-0AD6-4186-BB5B-2DD2EE44E6B3}"
EndProject
Project("{FAE04EC0-301F-11D3-BF4B-00C04F79EFBC}") = "5Fox", "5Fox\5Fox.csproj", "{CC1756DE-26A6-438D-BB44-C60CC8813C08}"
EndProject
Project("{FAE04EC0-301F-11D3-BF4B-00C04F79EFBC}") = "1CompoundInterest", "1CompoundInterest\1CompoundInterest.csproj", "{2914AA84-277B-48B9-AB89-5D38CEB2F4C6}"
EndProject
Project("{FAE04EC0-301F-11D3-BF4B-00C04F79EFBC}") = "5Rocket", "5Rocket\5Rocket.csproj", "{7FC17F40-A9C0-4EA3-B757-D32B3E414273}"
EndProject
Project("{FAE04EC0-301F-11D3-BF4B-00C04F79EFBC}") = "5Axe", "5Axe\5Axe.csproj", "{73692148-66D7-42DA-8B23-628320D22B56}"
EndProject
Project("{FAE04EC0-301F-11D3-BF4B-00C04F79EFBC}") = "6SpecialNumbers", "6SpecialNumbers\6SpecialNumbers.csproj", "{E9754E0A-B15E-4511-B278-1B70BB72FAB2}"
EndProject
Project("{FAE04EC0-301F-11D3-BF4B-00C04F79EFBC}") = "6Digits", "6Digits\6Digits.csproj", "{E7606A33-ADDA-4FA4-A58B-AD572799FAEB}"
EndProject
Project("{FAE04EC0-301F-11D3-BF4B-00C04F79EFBC}") = "6SumOfTwoNumbers", "6SumOfTwoNumbers\6SumOfTwoNumbers.csproj", "{91B5B306-5920-4903-A351-F5ECA2A4768B}"
EndProject
Project("{FAE04EC0-301F-11D3-BF4B-00C04F79EFBC}") = "1DogHouse", "1DogHouse\1DogHouse.csproj", "{985F9694-336A-4773-A66A-D765790506AD}"
EndProject
Project("{FAE04EC0-301F-11D3-BF4B-00C04F79EFBC}") = "2WorkHours", "2WorkHours\2WorkHours.csproj", "{F3E2AD2A-E78F-4C16-A3C4-20B917B58053}"
EndProject
Project("{FAE04EC0-301F-11D3-BF4B-00C04F79EFBC}") = "3CarToGo", "3CarToGo\3CarToGo.csproj", "{A3089D6B-A473-457A-983F-2A69DBB5FE58}"
EndProject
Project("{FAE04EC0-301F-11D3-BF4B-00C04F79EFBC}") = "6MagicCombination", "6MagicCombination\6MagicCombination.csproj", "{1A71106D-A19A-4D0C-9409-E1C11C20F930}"
EndProject
Project("{FAE04EC0-301F-11D3-BF4B-00C04F79EFBC}") = "5Butterfly", "5Butterfly\5Butterfly.csproj", "{AFDAB016-84B0-4CF5-BB86-9B30F5C948C2}"
EndProject
Project("{FAE04EC0-301F-11D3-BF4B-00C04F79EFBC}") = "5Diamond", "5Diamond\5Diamond.csproj", "{C45919D3-7A2F-4C68-BA5F-9DD3C72A8E8C}"
EndProject
Project("{FAE04EC0-301F-11D3-BF4B-00C04F79EFBC}") = "5SoftUniLogo", "5SoftUniLogo\5SoftUniLogo.csproj", "{67D75550-C03F-4790-AC73-78A3F5B64CF6}"
EndProject
Project("{FAE04EC0-301F-11D3-BF4B-00C04F79EFBC}") = "5Stop", "5Stop\5Stop.csproj", "{DF0630B6-06F7-451F-8CB9-CF5F7AE29CC4}"
EndProject
Project("{FAE04EC0-301F-11D3-BF4B-00C04F79EFBC}") = "4GameOfIntervals", "4GameOfIntervals\4GameOfIntervals.csproj", "{D2E65A96-27FC-45A9-811E-2F7B46F09D52}"
EndProject
Project("{FAE04EC0-301F-11D3-BF4B-00C04F79EFBC}") = "6StopNumbers", "6StopNumbers\6StopNumbers.csproj", "{9A26C8AA-DB37-406D-833E-1D2297C2DF83}"
EndProject
Project("{FAE04EC0-301F-11D3-BF4B-00C04F79EFBC}") = "1HousePainting", "1HousePainting\1HousePainting.csproj", "{14611E3E-F278-4210-8979-F19FB1E8F0E7}"
EndProject
Project("{FAE04EC0-301F-11D3-BF4B-00C04F79EFBC}") = "2Cups", "2Cups\2Cups.csproj", "{E9D1661C-226A-49AA-B5DE-D6A9212FFD9F}"
EndProject
Project("{FAE04EC0-301F-11D3-BF4B-00C04F79EFBC}") = "3Vacation2", "3Vacation2\3Vacation2.csproj", "{0DD8AD3B-246E-49FE-8919-2A2BCF85E833}"
EndProject
Project("{FAE04EC0-301F-11D3-BF4B-00C04F79EFBC}") = "4TrainersSalary", "4TrainersSalary\4TrainersSalary.csproj", "{DF0A75C6-0870-4203-BA77-645687D23C5A}"
EndProject
Project("{FAE04EC0-301F-11D3-BF4B-00C04F79EFBC}") = "5Hourglass", "5Hourglass\5Hourglass.csproj", "{0BE626A4-31C7-478B-BE46-BE9785EDC349}"
EndProject
Project("{FAE04EC0-301F-11D3-BF4B-00C04F79EFBC}") = "6TwoNumbersSum", "6TwoNumbersSum\6TwoNumbersSum.csproj", "{ECF11CD3-0F54-4CF4-B7C9-06C35447F40D}"
EndProject
Project("{FAE04EC0-301F-11D3-BF4B-00C04F79EFBC}") = "1GrapeAndRakia", "..\Exam - 19.03.2017\Problem1\1GrapeAndRakia.csproj", "{7DFBB37C-1EF8-401C-A28D-8B1DCBCD5C35}"
EndProject
Project("{FAE04EC0-301F-11D3-BF4B-00C04F79EFBC}") = "2Styrofoam", "..\Exam - 19.03.2017\Problem2\2Styrofoam.csproj", "{AD9C4EE8-F454-4E70-94FD-05D2596C7B7C}"
EndProject
Project("{FAE04EC0-301F-11D3-BF4B-00C04F79EFBC}") = "3TruckDriver", "..\Exam - 19.03.2017\Problem3\3TruckDriver.csproj", "{D386AB1E-88A5-474F-AC8B-2B01423428BE}"
EndProject
Project("{FAE04EC0-301F-11D3-BF4B-00C04F79EFBC}") = "4Bills", "..\Exam - 19.03.2017\Problem4\4Bills.csproj", "{E8BC9737-FACA-4D57-BA2E-51A5D83218CB}"
EndProject
Project("{FAE04EC0-301F-11D3-BF4B-00C04F79EFBC}") = "5Parallelepiped", "..\Exam - 19.03.2017\Problem5\5Parallelepiped.csproj", "{30999C1A-3B52-47AF-A202-BFC00C374D5D}"
EndProject
Project("{FAE04EC0-301F-11D3-BF4B-00C04F79EFBC}") = "6ControlNumbers", "..\Exam - 19.03.2017\Problem6\6ControlNumbers.csproj", "{5CBC4E77-856D-4173-9102-A5D6C2A4F9A0}"
EndProject
Global
	GlobalSection(SolutionConfigurationPlatforms) = preSolution
		Debug|Any CPU = Debug|Any CPU
		Release|Any CPU = Release|Any CPU
	EndGlobalSection
	GlobalSection(ProjectConfigurationPlatforms) = postSolution
		{F2C35D6F-C303-4095-9899-355FB163388E}.Debug|Any CPU.ActiveCfg = Debug|Any CPU
		{F2C35D6F-C303-4095-9899-355FB163388E}.Debug|Any CPU.Build.0 = Debug|Any CPU
		{F2C35D6F-C303-4095-9899-355FB163388E}.Release|Any CPU.ActiveCfg = Release|Any CPU
		{F2C35D6F-C303-4095-9899-355FB163388E}.Release|Any CPU.Build.0 = Release|Any CPU
		{02F3BF7F-69DA-4334-8F71-6C7C213922C1}.Debug|Any CPU.ActiveCfg = Debug|Any CPU
		{02F3BF7F-69DA-4334-8F71-6C7C213922C1}.Debug|Any CPU.Build.0 = Debug|Any CPU
		{02F3BF7F-69DA-4334-8F71-6C7C213922C1}.Release|Any CPU.ActiveCfg = Release|Any CPU
		{02F3BF7F-69DA-4334-8F71-6C7C213922C1}.Release|Any CPU.Build.0 = Release|Any CPU
		{059F3DFF-DC0F-4FEA-939C-EA34B9234300}.Debug|Any CPU.ActiveCfg = Debug|Any CPU
		{059F3DFF-DC0F-4FEA-939C-EA34B9234300}.Debug|Any CPU.Build.0 = Debug|Any CPU
		{059F3DFF-DC0F-4FEA-939C-EA34B9234300}.Release|Any CPU.ActiveCfg = Release|Any CPU
		{059F3DFF-DC0F-4FEA-939C-EA34B9234300}.Release|Any CPU.Build.0 = Release|Any CPU
		{D2838852-C373-49E6-AA92-8E33EA879059}.Debug|Any CPU.ActiveCfg = Debug|Any CPU
		{D2838852-C373-49E6-AA92-8E33EA879059}.Debug|Any CPU.Build.0 = Debug|Any CPU
		{D2838852-C373-49E6-AA92-8E33EA879059}.Release|Any CPU.ActiveCfg = Release|Any CPU
		{D2838852-C373-49E6-AA92-8E33EA879059}.Release|Any CPU.Build.0 = Release|Any CPU
		{18C25FAE-A80B-4F58-9D46-E7560BD1FFC3}.Debug|Any CPU.ActiveCfg = Debug|Any CPU
		{18C25FAE-A80B-4F58-9D46-E7560BD1FFC3}.Debug|Any CPU.Build.0 = Debug|Any CPU
		{18C25FAE-A80B-4F58-9D46-E7560BD1FFC3}.Release|Any CPU.ActiveCfg = Release|Any CPU
		{18C25FAE-A80B-4F58-9D46-E7560BD1FFC3}.Release|Any CPU.Build.0 = Release|Any CPU
		{BF7CEDFD-D7E5-41AE-9B95-F4F8F6B3E4C4}.Debug|Any CPU.ActiveCfg = Debug|Any CPU
		{BF7CEDFD-D7E5-41AE-9B95-F4F8F6B3E4C4}.Debug|Any CPU.Build.0 = Debug|Any CPU
		{BF7CEDFD-D7E5-41AE-9B95-F4F8F6B3E4C4}.Release|Any CPU.ActiveCfg = Release|Any CPU
		{BF7CEDFD-D7E5-41AE-9B95-F4F8F6B3E4C4}.Release|Any CPU.Build.0 = Release|Any CPU
		{16EA67B2-CD7E-470A-B993-4B5C5E178864}.Debug|Any CPU.ActiveCfg = Debug|Any CPU
		{16EA67B2-CD7E-470A-B993-4B5C5E178864}.Debug|Any CPU.Build.0 = Debug|Any CPU
		{16EA67B2-CD7E-470A-B993-4B5C5E178864}.Release|Any CPU.ActiveCfg = Release|Any CPU
		{16EA67B2-CD7E-470A-B993-4B5C5E178864}.Release|Any CPU.Build.0 = Release|Any CPU
		{EF756AFE-053B-4FF3-AF68-97F92F2FA9DA}.Debug|Any CPU.ActiveCfg = Debug|Any CPU
		{EF756AFE-053B-4FF3-AF68-97F92F2FA9DA}.Debug|Any CPU.Build.0 = Debug|Any CPU
		{EF756AFE-053B-4FF3-AF68-97F92F2FA9DA}.Release|Any CPU.ActiveCfg = Release|Any CPU
		{EF756AFE-053B-4FF3-AF68-97F92F2FA9DA}.Release|Any CPU.Build.0 = Release|Any CPU
		{16A86838-050F-4BD4-9DE4-DF7CC8457A6B}.Debug|Any CPU.ActiveCfg = Debug|Any CPU
		{16A86838-050F-4BD4-9DE4-DF7CC8457A6B}.Debug|Any CPU.Build.0 = Debug|Any CPU
		{16A86838-050F-4BD4-9DE4-DF7CC8457A6B}.Release|Any CPU.ActiveCfg = Release|Any CPU
		{16A86838-050F-4BD4-9DE4-DF7CC8457A6B}.Release|Any CPU.Build.0 = Release|Any CPU
		{5F0BAF3E-CA48-47C7-BF52-B326A18EB2AC}.Debug|Any CPU.ActiveCfg = Debug|Any CPU
		{5F0BAF3E-CA48-47C7-BF52-B326A18EB2AC}.Debug|Any CPU.Build.0 = Debug|Any CPU
		{5F0BAF3E-CA48-47C7-BF52-B326A18EB2AC}.Release|Any CPU.ActiveCfg = Release|Any CPU
		{5F0BAF3E-CA48-47C7-BF52-B326A18EB2AC}.Release|Any CPU.Build.0 = Release|Any CPU
		{06127B44-D907-4D04-904D-C21211C2AF17}.Debug|Any CPU.ActiveCfg = Debug|Any CPU
		{06127B44-D907-4D04-904D-C21211C2AF17}.Debug|Any CPU.Build.0 = Debug|Any CPU
		{06127B44-D907-4D04-904D-C21211C2AF17}.Release|Any CPU.ActiveCfg = Release|Any CPU
		{06127B44-D907-4D04-904D-C21211C2AF17}.Release|Any CPU.Build.0 = Release|Any CPU
		{E9611411-A859-434F-969E-87E637ECB643}.Debug|Any CPU.ActiveCfg = Debug|Any CPU
		{E9611411-A859-434F-969E-87E637ECB643}.Debug|Any CPU.Build.0 = Debug|Any CPU
		{E9611411-A859-434F-969E-87E637ECB643}.Release|Any CPU.ActiveCfg = Release|Any CPU
		{E9611411-A859-434F-969E-87E637ECB643}.Release|Any CPU.Build.0 = Release|Any CPU
		{E0EC4D8F-60AE-4120-A66A-61F1CF90984B}.Debug|Any CPU.ActiveCfg = Debug|Any CPU
		{E0EC4D8F-60AE-4120-A66A-61F1CF90984B}.Debug|Any CPU.Build.0 = Debug|Any CPU
		{E0EC4D8F-60AE-4120-A66A-61F1CF90984B}.Release|Any CPU.ActiveCfg = Release|Any CPU
		{E0EC4D8F-60AE-4120-A66A-61F1CF90984B}.Release|Any CPU.Build.0 = Release|Any CPU
		{0ADD2F87-708F-46A1-83AD-1B3531221DA8}.Debug|Any CPU.ActiveCfg = Debug|Any CPU
		{0ADD2F87-708F-46A1-83AD-1B3531221DA8}.Debug|Any CPU.Build.0 = Debug|Any CPU
		{0ADD2F87-708F-46A1-83AD-1B3531221DA8}.Release|Any CPU.ActiveCfg = Release|Any CPU
		{0ADD2F87-708F-46A1-83AD-1B3531221DA8}.Release|Any CPU.Build.0 = Release|Any CPU
		{BA9EFE6E-3E5D-428D-90C6-77A7DFD8F747}.Debug|Any CPU.ActiveCfg = Debug|Any CPU
		{BA9EFE6E-3E5D-428D-90C6-77A7DFD8F747}.Debug|Any CPU.Build.0 = Debug|Any CPU
		{BA9EFE6E-3E5D-428D-90C6-77A7DFD8F747}.Release|Any CPU.ActiveCfg = Release|Any CPU
		{BA9EFE6E-3E5D-428D-90C6-77A7DFD8F747}.Release|Any CPU.Build.0 = Release|Any CPU
		{EC433C04-5B6D-429A-976B-47E4E7429EEF}.Debug|Any CPU.ActiveCfg = Debug|Any CPU
		{EC433C04-5B6D-429A-976B-47E4E7429EEF}.Debug|Any CPU.Build.0 = Debug|Any CPU
		{EC433C04-5B6D-429A-976B-47E4E7429EEF}.Release|Any CPU.ActiveCfg = Release|Any CPU
		{EC433C04-5B6D-429A-976B-47E4E7429EEF}.Release|Any CPU.Build.0 = Release|Any CPU
		{BC3ED3C3-3D3C-497B-A333-A9A2A9712864}.Debug|Any CPU.ActiveCfg = Debug|Any CPU
		{BC3ED3C3-3D3C-497B-A333-A9A2A9712864}.Debug|Any CPU.Build.0 = Debug|Any CPU
		{BC3ED3C3-3D3C-497B-A333-A9A2A9712864}.Release|Any CPU.ActiveCfg = Release|Any CPU
		{BC3ED3C3-3D3C-497B-A333-A9A2A9712864}.Release|Any CPU.Build.0 = Release|Any CPU
		{61D370A1-FCF8-4708-A2E5-C9467842E678}.Debug|Any CPU.ActiveCfg = Debug|Any CPU
		{61D370A1-FCF8-4708-A2E5-C9467842E678}.Debug|Any CPU.Build.0 = Debug|Any CPU
		{61D370A1-FCF8-4708-A2E5-C9467842E678}.Release|Any CPU.ActiveCfg = Release|Any CPU
		{61D370A1-FCF8-4708-A2E5-C9467842E678}.Release|Any CPU.Build.0 = Release|Any CPU
		{FA7BE9CA-5FD6-42A8-8FD9-1E79AB0AEED6}.Debug|Any CPU.ActiveCfg = Debug|Any CPU
		{FA7BE9CA-5FD6-42A8-8FD9-1E79AB0AEED6}.Debug|Any CPU.Build.0 = Debug|Any CPU
		{FA7BE9CA-5FD6-42A8-8FD9-1E79AB0AEED6}.Release|Any CPU.ActiveCfg = Release|Any CPU
		{FA7BE9CA-5FD6-42A8-8FD9-1E79AB0AEED6}.Release|Any CPU.Build.0 = Release|Any CPU
		{F17B14F4-7F31-4A31-9C0B-B619A78EBDC2}.Debug|Any CPU.ActiveCfg = Debug|Any CPU
		{F17B14F4-7F31-4A31-9C0B-B619A78EBDC2}.Debug|Any CPU.Build.0 = Debug|Any CPU
		{F17B14F4-7F31-4A31-9C0B-B619A78EBDC2}.Release|Any CPU.ActiveCfg = Release|Any CPU
		{F17B14F4-7F31-4A31-9C0B-B619A78EBDC2}.Release|Any CPU.Build.0 = Release|Any CPU
		{3820E0F7-41BC-4707-888D-50FD68B34288}.Debug|Any CPU.ActiveCfg = Debug|Any CPU
		{3820E0F7-41BC-4707-888D-50FD68B34288}.Debug|Any CPU.Build.0 = Debug|Any CPU
		{3820E0F7-41BC-4707-888D-50FD68B34288}.Release|Any CPU.ActiveCfg = Release|Any CPU
		{3820E0F7-41BC-4707-888D-50FD68B34288}.Release|Any CPU.Build.0 = Release|Any CPU
		{A78EE9E7-C6DE-483D-BCED-DD789EB41100}.Debug|Any CPU.ActiveCfg = Debug|Any CPU
		{A78EE9E7-C6DE-483D-BCED-DD789EB41100}.Debug|Any CPU.Build.0 = Debug|Any CPU
		{A78EE9E7-C6DE-483D-BCED-DD789EB41100}.Release|Any CPU.ActiveCfg = Release|Any CPU
		{A78EE9E7-C6DE-483D-BCED-DD789EB41100}.Release|Any CPU.Build.0 = Release|Any CPU
		{82C9F482-8772-4AE6-9AF2-B692AB0B5A34}.Debug|Any CPU.ActiveCfg = Debug|Any CPU
		{82C9F482-8772-4AE6-9AF2-B692AB0B5A34}.Debug|Any CPU.Build.0 = Debug|Any CPU
		{82C9F482-8772-4AE6-9AF2-B692AB0B5A34}.Release|Any CPU.ActiveCfg = Release|Any CPU
		{82C9F482-8772-4AE6-9AF2-B692AB0B5A34}.Release|Any CPU.Build.0 = Release|Any CPU
		{02DD89C6-2C8C-41C4-B0CA-555176E85A3F}.Debug|Any CPU.ActiveCfg = Debug|Any CPU
		{02DD89C6-2C8C-41C4-B0CA-555176E85A3F}.Debug|Any CPU.Build.0 = Debug|Any CPU
		{02DD89C6-2C8C-41C4-B0CA-555176E85A3F}.Release|Any CPU.ActiveCfg = Release|Any CPU
		{02DD89C6-2C8C-41C4-B0CA-555176E85A3F}.Release|Any CPU.Build.0 = Release|Any CPU
		{14EF948C-56B7-4CAF-BA71-0830098663EE}.Debug|Any CPU.ActiveCfg = Debug|Any CPU
		{14EF948C-56B7-4CAF-BA71-0830098663EE}.Debug|Any CPU.Build.0 = Debug|Any CPU
		{14EF948C-56B7-4CAF-BA71-0830098663EE}.Release|Any CPU.ActiveCfg = Release|Any CPU
		{14EF948C-56B7-4CAF-BA71-0830098663EE}.Release|Any CPU.Build.0 = Release|Any CPU
		{6F0A166A-D4DC-4A74-BB7C-36174BC06374}.Debug|Any CPU.ActiveCfg = Debug|Any CPU
		{6F0A166A-D4DC-4A74-BB7C-36174BC06374}.Debug|Any CPU.Build.0 = Debug|Any CPU
		{6F0A166A-D4DC-4A74-BB7C-36174BC06374}.Release|Any CPU.ActiveCfg = Release|Any CPU
		{6F0A166A-D4DC-4A74-BB7C-36174BC06374}.Release|Any CPU.Build.0 = Release|Any CPU
		{4B7C46C6-2BBC-4787-8D34-2AAB0A383D70}.Debug|Any CPU.ActiveCfg = Debug|Any CPU
		{4B7C46C6-2BBC-4787-8D34-2AAB0A383D70}.Debug|Any CPU.Build.0 = Debug|Any CPU
		{4B7C46C6-2BBC-4787-8D34-2AAB0A383D70}.Release|Any CPU.ActiveCfg = Release|Any CPU
		{4B7C46C6-2BBC-4787-8D34-2AAB0A383D70}.Release|Any CPU.Build.0 = Release|Any CPU
		{F3160F15-BFDC-4D9A-91E2-12F5CCC87E5D}.Debug|Any CPU.ActiveCfg = Debug|Any CPU
		{F3160F15-BFDC-4D9A-91E2-12F5CCC87E5D}.Debug|Any CPU.Build.0 = Debug|Any CPU
		{F3160F15-BFDC-4D9A-91E2-12F5CCC87E5D}.Release|Any CPU.ActiveCfg = Release|Any CPU
		{F3160F15-BFDC-4D9A-91E2-12F5CCC87E5D}.Release|Any CPU.Build.0 = Release|Any CPU
		{42A678E5-F59A-44F0-83BE-E970852661B0}.Debug|Any CPU.ActiveCfg = Debug|Any CPU
		{42A678E5-F59A-44F0-83BE-E970852661B0}.Debug|Any CPU.Build.0 = Debug|Any CPU
		{42A678E5-F59A-44F0-83BE-E970852661B0}.Release|Any CPU.ActiveCfg = Release|Any CPU
		{42A678E5-F59A-44F0-83BE-E970852661B0}.Release|Any CPU.Build.0 = Release|Any CPU
		{9E8A2280-7576-45E0-8745-68200060E262}.Debug|Any CPU.ActiveCfg = Debug|Any CPU
		{9E8A2280-7576-45E0-8745-68200060E262}.Debug|Any CPU.Build.0 = Debug|Any CPU
		{9E8A2280-7576-45E0-8745-68200060E262}.Release|Any CPU.ActiveCfg = Release|Any CPU
		{9E8A2280-7576-45E0-8745-68200060E262}.Release|Any CPU.Build.0 = Release|Any CPU
		{0231E73D-49B3-4C7D-9A19-D842352A73F8}.Debug|Any CPU.ActiveCfg = Debug|Any CPU
		{0231E73D-49B3-4C7D-9A19-D842352A73F8}.Debug|Any CPU.Build.0 = Debug|Any CPU
		{0231E73D-49B3-4C7D-9A19-D842352A73F8}.Release|Any CPU.ActiveCfg = Release|Any CPU
		{0231E73D-49B3-4C7D-9A19-D842352A73F8}.Release|Any CPU.Build.0 = Release|Any CPU
		{B170D8C2-6744-4E3D-AE5E-1727A23EB03C}.Debug|Any CPU.ActiveCfg = Debug|Any CPU
		{B170D8C2-6744-4E3D-AE5E-1727A23EB03C}.Debug|Any CPU.Build.0 = Debug|Any CPU
		{B170D8C2-6744-4E3D-AE5E-1727A23EB03C}.Release|Any CPU.ActiveCfg = Release|Any CPU
		{B170D8C2-6744-4E3D-AE5E-1727A23EB03C}.Release|Any CPU.Build.0 = Release|Any CPU
		{EAF1399A-9DD1-46AA-A83E-F8455C7B6F34}.Debug|Any CPU.ActiveCfg = Debug|Any CPU
		{EAF1399A-9DD1-46AA-A83E-F8455C7B6F34}.Debug|Any CPU.Build.0 = Debug|Any CPU
		{EAF1399A-9DD1-46AA-A83E-F8455C7B6F34}.Release|Any CPU.ActiveCfg = Release|Any CPU
		{EAF1399A-9DD1-46AA-A83E-F8455C7B6F34}.Release|Any CPU.Build.0 = Release|Any CPU
		{D9DB1305-90BB-408E-A4CC-1038E34DADCB}.Debug|Any CPU.ActiveCfg = Debug|Any CPU
		{D9DB1305-90BB-408E-A4CC-1038E34DADCB}.Debug|Any CPU.Build.0 = Debug|Any CPU
		{D9DB1305-90BB-408E-A4CC-1038E34DADCB}.Release|Any CPU.ActiveCfg = Release|Any CPU
		{D9DB1305-90BB-408E-A4CC-1038E34DADCB}.Release|Any CPU.Build.0 = Release|Any CPU
		{3E62D5DC-000E-427F-B065-7A6D95585AD9}.Debug|Any CPU.ActiveCfg = Debug|Any CPU
		{3E62D5DC-000E-427F-B065-7A6D95585AD9}.Debug|Any CPU.Build.0 = Debug|Any CPU
		{3E62D5DC-000E-427F-B065-7A6D95585AD9}.Release|Any CPU.ActiveCfg = Release|Any CPU
		{3E62D5DC-000E-427F-B065-7A6D95585AD9}.Release|Any CPU.Build.0 = Release|Any CPU
		{602AE64B-7897-447A-BEE3-6AC98384E41F}.Debug|Any CPU.ActiveCfg = Debug|Any CPU
		{602AE64B-7897-447A-BEE3-6AC98384E41F}.Debug|Any CPU.Build.0 = Debug|Any CPU
		{602AE64B-7897-447A-BEE3-6AC98384E41F}.Release|Any CPU.ActiveCfg = Release|Any CPU
		{602AE64B-7897-447A-BEE3-6AC98384E41F}.Release|Any CPU.Build.0 = Release|Any CPU
		{28EBDB82-2338-4CA5-99F1-4AE52A03BA0F}.Debug|Any CPU.ActiveCfg = Debug|Any CPU
		{28EBDB82-2338-4CA5-99F1-4AE52A03BA0F}.Debug|Any CPU.Build.0 = Debug|Any CPU
		{28EBDB82-2338-4CA5-99F1-4AE52A03BA0F}.Release|Any CPU.ActiveCfg = Release|Any CPU
		{28EBDB82-2338-4CA5-99F1-4AE52A03BA0F}.Release|Any CPU.Build.0 = Release|Any CPU
		{90647D34-20D6-4AEB-A02F-96988036E635}.Debug|Any CPU.ActiveCfg = Debug|Any CPU
		{90647D34-20D6-4AEB-A02F-96988036E635}.Debug|Any CPU.Build.0 = Debug|Any CPU
		{90647D34-20D6-4AEB-A02F-96988036E635}.Release|Any CPU.ActiveCfg = Release|Any CPU
		{90647D34-20D6-4AEB-A02F-96988036E635}.Release|Any CPU.Build.0 = Release|Any CPU
		{FC282F97-2A87-43EB-9A7C-4350879CEA91}.Debug|Any CPU.ActiveCfg = Debug|Any CPU
		{FC282F97-2A87-43EB-9A7C-4350879CEA91}.Debug|Any CPU.Build.0 = Debug|Any CPU
		{FC282F97-2A87-43EB-9A7C-4350879CEA91}.Release|Any CPU.ActiveCfg = Release|Any CPU
		{FC282F97-2A87-43EB-9A7C-4350879CEA91}.Release|Any CPU.Build.0 = Release|Any CPU
		{ABEC3D28-38B4-404B-A920-CE9AE1E56D07}.Debug|Any CPU.ActiveCfg = Debug|Any CPU
		{ABEC3D28-38B4-404B-A920-CE9AE1E56D07}.Debug|Any CPU.Build.0 = Debug|Any CPU
		{ABEC3D28-38B4-404B-A920-CE9AE1E56D07}.Release|Any CPU.ActiveCfg = Release|Any CPU
		{ABEC3D28-38B4-404B-A920-CE9AE1E56D07}.Release|Any CPU.Build.0 = Release|Any CPU
		{7D63E15D-0AD6-4186-BB5B-2DD2EE44E6B3}.Debug|Any CPU.ActiveCfg = Debug|Any CPU
		{7D63E15D-0AD6-4186-BB5B-2DD2EE44E6B3}.Debug|Any CPU.Build.0 = Debug|Any CPU
		{7D63E15D-0AD6-4186-BB5B-2DD2EE44E6B3}.Release|Any CPU.ActiveCfg = Release|Any CPU
		{7D63E15D-0AD6-4186-BB5B-2DD2EE44E6B3}.Release|Any CPU.Build.0 = Release|Any CPU
		{CC1756DE-26A6-438D-BB44-C60CC8813C08}.Debug|Any CPU.ActiveCfg = Debug|Any CPU
		{CC1756DE-26A6-438D-BB44-C60CC8813C08}.Debug|Any CPU.Build.0 = Debug|Any CPU
		{CC1756DE-26A6-438D-BB44-C60CC8813C08}.Release|Any CPU.ActiveCfg = Release|Any CPU
		{CC1756DE-26A6-438D-BB44-C60CC8813C08}.Release|Any CPU.Build.0 = Release|Any CPU
		{2914AA84-277B-48B9-AB89-5D38CEB2F4C6}.Debug|Any CPU.ActiveCfg = Debug|Any CPU
		{2914AA84-277B-48B9-AB89-5D38CEB2F4C6}.Debug|Any CPU.Build.0 = Debug|Any CPU
		{2914AA84-277B-48B9-AB89-5D38CEB2F4C6}.Release|Any CPU.ActiveCfg = Release|Any CPU
		{2914AA84-277B-48B9-AB89-5D38CEB2F4C6}.Release|Any CPU.Build.0 = Release|Any CPU
		{7FC17F40-A9C0-4EA3-B757-D32B3E414273}.Debug|Any CPU.ActiveCfg = Debug|Any CPU
		{7FC17F40-A9C0-4EA3-B757-D32B3E414273}.Debug|Any CPU.Build.0 = Debug|Any CPU
		{7FC17F40-A9C0-4EA3-B757-D32B3E414273}.Release|Any CPU.ActiveCfg = Release|Any CPU
		{7FC17F40-A9C0-4EA3-B757-D32B3E414273}.Release|Any CPU.Build.0 = Release|Any CPU
		{73692148-66D7-42DA-8B23-628320D22B56}.Debug|Any CPU.ActiveCfg = Debug|Any CPU
		{73692148-66D7-42DA-8B23-628320D22B56}.Debug|Any CPU.Build.0 = Debug|Any CPU
		{73692148-66D7-42DA-8B23-628320D22B56}.Release|Any CPU.ActiveCfg = Release|Any CPU
		{73692148-66D7-42DA-8B23-628320D22B56}.Release|Any CPU.Build.0 = Release|Any CPU
		{E9754E0A-B15E-4511-B278-1B70BB72FAB2}.Debug|Any CPU.ActiveCfg = Debug|Any CPU
		{E9754E0A-B15E-4511-B278-1B70BB72FAB2}.Debug|Any CPU.Build.0 = Debug|Any CPU
		{E9754E0A-B15E-4511-B278-1B70BB72FAB2}.Release|Any CPU.ActiveCfg = Release|Any CPU
		{E9754E0A-B15E-4511-B278-1B70BB72FAB2}.Release|Any CPU.Build.0 = Release|Any CPU
		{E7606A33-ADDA-4FA4-A58B-AD572799FAEB}.Debug|Any CPU.ActiveCfg = Debug|Any CPU
		{E7606A33-ADDA-4FA4-A58B-AD572799FAEB}.Debug|Any CPU.Build.0 = Debug|Any CPU
		{E7606A33-ADDA-4FA4-A58B-AD572799FAEB}.Release|Any CPU.ActiveCfg = Release|Any CPU
		{E7606A33-ADDA-4FA4-A58B-AD572799FAEB}.Release|Any CPU.Build.0 = Release|Any CPU
		{91B5B306-5920-4903-A351-F5ECA2A4768B}.Debug|Any CPU.ActiveCfg = Debug|Any CPU
		{91B5B306-5920-4903-A351-F5ECA2A4768B}.Debug|Any CPU.Build.0 = Debug|Any CPU
		{91B5B306-5920-4903-A351-F5ECA2A4768B}.Release|Any CPU.ActiveCfg = Release|Any CPU
		{91B5B306-5920-4903-A351-F5ECA2A4768B}.Release|Any CPU.Build.0 = Release|Any CPU
		{985F9694-336A-4773-A66A-D765790506AD}.Debug|Any CPU.ActiveCfg = Debug|Any CPU
		{985F9694-336A-4773-A66A-D765790506AD}.Debug|Any CPU.Build.0 = Debug|Any CPU
		{985F9694-336A-4773-A66A-D765790506AD}.Release|Any CPU.ActiveCfg = Release|Any CPU
		{985F9694-336A-4773-A66A-D765790506AD}.Release|Any CPU.Build.0 = Release|Any CPU
		{F3E2AD2A-E78F-4C16-A3C4-20B917B58053}.Debug|Any CPU.ActiveCfg = Debug|Any CPU
		{F3E2AD2A-E78F-4C16-A3C4-20B917B58053}.Debug|Any CPU.Build.0 = Debug|Any CPU
		{F3E2AD2A-E78F-4C16-A3C4-20B917B58053}.Release|Any CPU.ActiveCfg = Release|Any CPU
		{F3E2AD2A-E78F-4C16-A3C4-20B917B58053}.Release|Any CPU.Build.0 = Release|Any CPU
		{A3089D6B-A473-457A-983F-2A69DBB5FE58}.Debug|Any CPU.ActiveCfg = Debug|Any CPU
		{A3089D6B-A473-457A-983F-2A69DBB5FE58}.Debug|Any CPU.Build.0 = Debug|Any CPU
		{A3089D6B-A473-457A-983F-2A69DBB5FE58}.Release|Any CPU.ActiveCfg = Release|Any CPU
		{A3089D6B-A473-457A-983F-2A69DBB5FE58}.Release|Any CPU.Build.0 = Release|Any CPU
		{1A71106D-A19A-4D0C-9409-E1C11C20F930}.Debug|Any CPU.ActiveCfg = Debug|Any CPU
		{1A71106D-A19A-4D0C-9409-E1C11C20F930}.Debug|Any CPU.Build.0 = Debug|Any CPU
		{1A71106D-A19A-4D0C-9409-E1C11C20F930}.Release|Any CPU.ActiveCfg = Release|Any CPU
		{1A71106D-A19A-4D0C-9409-E1C11C20F930}.Release|Any CPU.Build.0 = Release|Any CPU
		{AFDAB016-84B0-4CF5-BB86-9B30F5C948C2}.Debug|Any CPU.ActiveCfg = Debug|Any CPU
		{AFDAB016-84B0-4CF5-BB86-9B30F5C948C2}.Debug|Any CPU.Build.0 = Debug|Any CPU
		{AFDAB016-84B0-4CF5-BB86-9B30F5C948C2}.Release|Any CPU.ActiveCfg = Release|Any CPU
		{AFDAB016-84B0-4CF5-BB86-9B30F5C948C2}.Release|Any CPU.Build.0 = Release|Any CPU
		{C45919D3-7A2F-4C68-BA5F-9DD3C72A8E8C}.Debug|Any CPU.ActiveCfg = Debug|Any CPU
		{C45919D3-7A2F-4C68-BA5F-9DD3C72A8E8C}.Debug|Any CPU.Build.0 = Debug|Any CPU
		{C45919D3-7A2F-4C68-BA5F-9DD3C72A8E8C}.Release|Any CPU.ActiveCfg = Release|Any CPU
		{C45919D3-7A2F-4C68-BA5F-9DD3C72A8E8C}.Release|Any CPU.Build.0 = Release|Any CPU
		{67D75550-C03F-4790-AC73-78A3F5B64CF6}.Debug|Any CPU.ActiveCfg = Debug|Any CPU
		{67D75550-C03F-4790-AC73-78A3F5B64CF6}.Debug|Any CPU.Build.0 = Debug|Any CPU
		{67D75550-C03F-4790-AC73-78A3F5B64CF6}.Release|Any CPU.ActiveCfg = Release|Any CPU
		{67D75550-C03F-4790-AC73-78A3F5B64CF6}.Release|Any CPU.Build.0 = Release|Any CPU
		{DF0630B6-06F7-451F-8CB9-CF5F7AE29CC4}.Debug|Any CPU.ActiveCfg = Debug|Any CPU
		{DF0630B6-06F7-451F-8CB9-CF5F7AE29CC4}.Debug|Any CPU.Build.0 = Debug|Any CPU
		{DF0630B6-06F7-451F-8CB9-CF5F7AE29CC4}.Release|Any CPU.ActiveCfg = Release|Any CPU
		{DF0630B6-06F7-451F-8CB9-CF5F7AE29CC4}.Release|Any CPU.Build.0 = Release|Any CPU
		{D2E65A96-27FC-45A9-811E-2F7B46F09D52}.Debug|Any CPU.ActiveCfg = Debug|Any CPU
		{D2E65A96-27FC-45A9-811E-2F7B46F09D52}.Debug|Any CPU.Build.0 = Debug|Any CPU
		{D2E65A96-27FC-45A9-811E-2F7B46F09D52}.Release|Any CPU.ActiveCfg = Release|Any CPU
		{D2E65A96-27FC-45A9-811E-2F7B46F09D52}.Release|Any CPU.Build.0 = Release|Any CPU
		{9A26C8AA-DB37-406D-833E-1D2297C2DF83}.Debug|Any CPU.ActiveCfg = Debug|Any CPU
		{9A26C8AA-DB37-406D-833E-1D2297C2DF83}.Debug|Any CPU.Build.0 = Debug|Any CPU
		{9A26C8AA-DB37-406D-833E-1D2297C2DF83}.Release|Any CPU.ActiveCfg = Release|Any CPU
		{9A26C8AA-DB37-406D-833E-1D2297C2DF83}.Release|Any CPU.Build.0 = Release|Any CPU
		{14611E3E-F278-4210-8979-F19FB1E8F0E7}.Debug|Any CPU.ActiveCfg = Debug|Any CPU
		{14611E3E-F278-4210-8979-F19FB1E8F0E7}.Debug|Any CPU.Build.0 = Debug|Any CPU
		{14611E3E-F278-4210-8979-F19FB1E8F0E7}.Release|Any CPU.ActiveCfg = Release|Any CPU
		{14611E3E-F278-4210-8979-F19FB1E8F0E7}.Release|Any CPU.Build.0 = Release|Any CPU
		{E9D1661C-226A-49AA-B5DE-D6A9212FFD9F}.Debug|Any CPU.ActiveCfg = Debug|Any CPU
		{E9D1661C-226A-49AA-B5DE-D6A9212FFD9F}.Debug|Any CPU.Build.0 = Debug|Any CPU
		{E9D1661C-226A-49AA-B5DE-D6A9212FFD9F}.Release|Any CPU.ActiveCfg = Release|Any CPU
		{E9D1661C-226A-49AA-B5DE-D6A9212FFD9F}.Release|Any CPU.Build.0 = Release|Any CPU
		{0DD8AD3B-246E-49FE-8919-2A2BCF85E833}.Debug|Any CPU.ActiveCfg = Debug|Any CPU
		{0DD8AD3B-246E-49FE-8919-2A2BCF85E833}.Debug|Any CPU.Build.0 = Debug|Any CPU
		{0DD8AD3B-246E-49FE-8919-2A2BCF85E833}.Release|Any CPU.ActiveCfg = Release|Any CPU
		{0DD8AD3B-246E-49FE-8919-2A2BCF85E833}.Release|Any CPU.Build.0 = Release|Any CPU
		{DF0A75C6-0870-4203-BA77-645687D23C5A}.Debug|Any CPU.ActiveCfg = Debug|Any CPU
		{DF0A75C6-0870-4203-BA77-645687D23C5A}.Debug|Any CPU.Build.0 = Debug|Any CPU
		{DF0A75C6-0870-4203-BA77-645687D23C5A}.Release|Any CPU.ActiveCfg = Release|Any CPU
		{DF0A75C6-0870-4203-BA77-645687D23C5A}.Release|Any CPU.Build.0 = Release|Any CPU
		{0BE626A4-31C7-478B-BE46-BE9785EDC349}.Debug|Any CPU.ActiveCfg = Debug|Any CPU
		{0BE626A4-31C7-478B-BE46-BE9785EDC349}.Debug|Any CPU.Build.0 = Debug|Any CPU
		{0BE626A4-31C7-478B-BE46-BE9785EDC349}.Release|Any CPU.ActiveCfg = Release|Any CPU
		{0BE626A4-31C7-478B-BE46-BE9785EDC349}.Release|Any CPU.Build.0 = Release|Any CPU
		{ECF11CD3-0F54-4CF4-B7C9-06C35447F40D}.Debug|Any CPU.ActiveCfg = Debug|Any CPU
		{ECF11CD3-0F54-4CF4-B7C9-06C35447F40D}.Debug|Any CPU.Build.0 = Debug|Any CPU
		{ECF11CD3-0F54-4CF4-B7C9-06C35447F40D}.Release|Any CPU.ActiveCfg = Release|Any CPU
		{ECF11CD3-0F54-4CF4-B7C9-06C35447F40D}.Release|Any CPU.Build.0 = Release|Any CPU
		{7DFBB37C-1EF8-401C-A28D-8B1DCBCD5C35}.Debug|Any CPU.ActiveCfg = Debug|Any CPU
		{7DFBB37C-1EF8-401C-A28D-8B1DCBCD5C35}.Debug|Any CPU.Build.0 = Debug|Any CPU
		{7DFBB37C-1EF8-401C-A28D-8B1DCBCD5C35}.Release|Any CPU.ActiveCfg = Release|Any CPU
		{7DFBB37C-1EF8-401C-A28D-8B1DCBCD5C35}.Release|Any CPU.Build.0 = Release|Any CPU
		{AD9C4EE8-F454-4E70-94FD-05D2596C7B7C}.Debug|Any CPU.ActiveCfg = Debug|Any CPU
		{AD9C4EE8-F454-4E70-94FD-05D2596C7B7C}.Debug|Any CPU.Build.0 = Debug|Any CPU
		{AD9C4EE8-F454-4E70-94FD-05D2596C7B7C}.Release|Any CPU.ActiveCfg = Release|Any CPU
		{AD9C4EE8-F454-4E70-94FD-05D2596C7B7C}.Release|Any CPU.Build.0 = Release|Any CPU
		{D386AB1E-88A5-474F-AC8B-2B01423428BE}.Debug|Any CPU.ActiveCfg = Debug|Any CPU
		{D386AB1E-88A5-474F-AC8B-2B01423428BE}.Debug|Any CPU.Build.0 = Debug|Any CPU
		{D386AB1E-88A5-474F-AC8B-2B01423428BE}.Release|Any CPU.ActiveCfg = Release|Any CPU
		{D386AB1E-88A5-474F-AC8B-2B01423428BE}.Release|Any CPU.Build.0 = Release|Any CPU
		{E8BC9737-FACA-4D57-BA2E-51A5D83218CB}.Debug|Any CPU.ActiveCfg = Debug|Any CPU
		{E8BC9737-FACA-4D57-BA2E-51A5D83218CB}.Debug|Any CPU.Build.0 = Debug|Any CPU
		{E8BC9737-FACA-4D57-BA2E-51A5D83218CB}.Release|Any CPU.ActiveCfg = Release|Any CPU
		{E8BC9737-FACA-4D57-BA2E-51A5D83218CB}.Release|Any CPU.Build.0 = Release|Any CPU
		{30999C1A-3B52-47AF-A202-BFC00C374D5D}.Debug|Any CPU.ActiveCfg = Debug|Any CPU
		{30999C1A-3B52-47AF-A202-BFC00C374D5D}.Debug|Any CPU.Build.0 = Debug|Any CPU
		{30999C1A-3B52-47AF-A202-BFC00C374D5D}.Release|Any CPU.ActiveCfg = Release|Any CPU
		{30999C1A-3B52-47AF-A202-BFC00C374D5D}.Release|Any CPU.Build.0 = Release|Any CPU
		{5CBC4E77-856D-4173-9102-A5D6C2A4F9A0}.Debug|Any CPU.ActiveCfg = Debug|Any CPU
		{5CBC4E77-856D-4173-9102-A5D6C2A4F9A0}.Debug|Any CPU.Build.0 = Debug|Any CPU
		{5CBC4E77-856D-4173-9102-A5D6C2A4F9A0}.Release|Any CPU.ActiveCfg = Release|Any CPU
		{5CBC4E77-856D-4173-9102-A5D6C2A4F9A0}.Release|Any CPU.Build.0 = Release|Any CPU
	EndGlobalSection
	GlobalSection(SolutionProperties) = preSolution
		HideSolutionNode = FALSE
	EndGlobalSection
EndGlobal
